
Microsoft Visual Studio Solution File, Format Version 12.00
# Visual Studio Version 16
VisualStudioVersion = 16.0.29326.143
MinimumVisualStudioVersion = 10.0.40219.1
Project("{FAE04EC0-301F-11D3-BF4B-00C04F79EFBC}") = "CreateClass", "CreateClass\CreateClass.csproj", "{A16E8A4A-DA22-4D53-8D52-1347C2A62C34}"
EndProject
Global
	GlobalSection(SolutionConfigurationPlatforms) = preSolution
		Debug|Any CPU = Debug|Any CPU
		Release|Any CPU = Release|Any CPU
	EndGlobalSection
	GlobalSection(ProjectConfigurationPlatforms) = postSolution
		{A16E8A4A-DA22-4D53-8D52-1347C2A62C34}.Debug|Any CPU.ActiveCfg = Debug|Any CPU
		{A16E8A4A-DA22-4D53-8D52-1347C2A62C34}.Debug|Any CPU.Build.0 = Debug|Any CPU
		{A16E8A4A-DA22-4D53-8D52-1347C2A62C34}.Release|Any CPU.ActiveCfg = Release|Any CPU
		{A16E8A4A-DA22-4D53-8D52-1347C2A62C34}.Release|Any CPU.Build.0 = Release|Any CPU
	EndGlobalSection
	GlobalSection(SolutionProperties) = preSolution
		HideSolutionNode = FALSE
	EndGlobalSection
	GlobalSection(ExtensibilityGlobals) = postSolution
		SolutionGuid = {373586CF-63CB-4CA9-AA3E-7312EF01F935}
	EndGlobalSection
EndGlobal
